
Microsoft Visual Studio Solution File, Format Version 11.00
# Visual Studio 2010
Project("{FAE04EC0-301F-11D3-BF4B-00C04F79EFBC}") = "UnityEngine.TestRunner", "UnityEngine.TestRunner.csproj", "{E77210CB-E7CC-F2C8-B6F3-D8CC1DAEEA9F}"
EndProject
Project("{FAE04EC0-301F-11D3-BF4B-00C04F79EFBC}") = "UnityEngine.UI.Tests", "UnityEngine.UI.Tests.csproj", "{9A76C5C3-9402-1BE6-4EEC-C95ED29AFD04}"
EndProject
Project("{FAE04EC0-301F-11D3-BF4B-00C04F79EFBC}") = "Unity.Timeline", "Unity.Timeline.csproj", "{4B87CDF0-592C-1E3F-5003-5A4A97F8975D}"
EndProject
Project("{FAE04EC0-301F-11D3-BF4B-00C04F79EFBC}") = "UnityEngine.UI", "UnityEngine.UI.csproj", "{042DBA49-1A18-746E-CC42-DF6FF434EAB5}"
EndProject
Project("{FAE04EC0-301F-11D3-BF4B-00C04F79EFBC}") = "Unity.TextMeshPro", "Unity.TextMeshPro.csproj", "{EA3B0D40-F939-0EF3-33FE-C871367D8E16}"
EndProject
Project("{FAE04EC0-301F-11D3-BF4B-00C04F79EFBC}") = "Assembly-CSharp", "Assembly-CSharp.csproj", "{C9916F7E-4CC1-35BC-D5A9-62BD67E00160}"
EndProject
Project("{FAE04EC0-301F-11D3-BF4B-00C04F79EFBC}") = "Unity.TextMeshPro.Tests", "Unity.TextMeshPro.Tests.csproj", "{A05037C5-E8E8-F9B3-A7B1-DE234A5019A2}"
EndProject
Project("{FAE04EC0-301F-11D3-BF4B-00C04F79EFBC}") = "UnityEditor.TestRunner", "UnityEditor.TestRunner.csproj", "{3C5A51B1-EA67-F6D8-5A29-AA7E4FEFBF73}"
EndProject
Project("{FAE04EC0-301F-11D3-BF4B-00C04F79EFBC}") = "Unity.PlasticSCM.Editor", "Unity.PlasticSCM.Editor.csproj", "{B1B48E01-B823-D48A-22A6-31E976C475E4}"
EndProject
Project("{FAE04EC0-301F-11D3-BF4B-00C04F79EFBC}") = "UnityEditor.UI", "UnityEditor.UI.csproj", "{E96D7B68-2928-CC0F-829A-85F1BF14B3EF}"
EndProject
Project("{FAE04EC0-301F-11D3-BF4B-00C04F79EFBC}") = "Unity.Services.Core.Editor", "Unity.Services.Core.Editor.csproj", "{624584EB-B991-7ECB-5195-29158692C4C9}"
EndProject
Project("{FAE04EC0-301F-11D3-BF4B-00C04F79EFBC}") = "Unity.Timeline.Editor", "Unity.Timeline.Editor.csproj", "{25CCDECF-6C31-E4F3-300D-23977F5D0F30}"
EndProject
Project("{FAE04EC0-301F-11D3-BF4B-00C04F79EFBC}") = "Unity.VisualStudio.Editor", "Unity.VisualStudio.Editor.csproj", "{10EF4742-ABB4-4C24-0781-F6C322256C50}"
EndProject
Project("{FAE04EC0-301F-11D3-BF4B-00C04F79EFBC}") = "Unity.TextMeshPro.Editor", "Unity.TextMeshPro.Editor.csproj", "{BD96408D-DF7D-0A84-B3A5-92ED7E336EA0}"
EndProject
Project("{FAE04EC0-301F-11D3-BF4B-00C04F79EFBC}") = "Unity.CollabProxy.Editor", "Unity.CollabProxy.Editor.csproj", "{0D67C56F-1495-9B48-F99A-75BDEE4BCDF0}"
EndProject
Project("{FAE04EC0-301F-11D3-BF4B-00C04F79EFBC}") = "DocCodeExamples", "DocCodeExamples.csproj", "{2F8D5166-CE7B-2186-AC70-13F86839923D}"
EndProject
Project("{FAE04EC0-301F-11D3-BF4B-00C04F79EFBC}") = "Unity.PlasticSCM.EditorTests", "Unity.PlasticSCM.EditorTests.csproj", "{F90392BF-770F-208A-CF96-E48E7984E22F}"
EndProject
Project("{FAE04EC0-301F-11D3-BF4B-00C04F79EFBC}") = "Unity.Rider.Editor", "Unity.Rider.Editor.csproj", "{9DCBBB6E-DA24-3CF6-D361-89BD76D90398}"
EndProject
Project("{FAE04EC0-301F-11D3-BF4B-00C04F79EFBC}") = "UnityEditor.UI.EditorTests", "UnityEditor.UI.EditorTests.csproj", "{9D15BAEF-6D30-7534-196D-86760CC4ED63}"
EndProject
Project("{FAE04EC0-301F-11D3-BF4B-00C04F79EFBC}") = "Unity.CollabProxy.EditorTests", "Unity.CollabProxy.EditorTests.csproj", "{8B0A5B5B-920D-98AE-EF0A-5F6E3A1D932C}"
EndProject
Project("{FAE04EC0-301F-11D3-BF4B-00C04F79EFBC}") = "Unity.VSCode.Editor", "Unity.VSCode.Editor.csproj", "{7E3ECE3A-7A8F-6E95-B1F6-13EE220D2B9F}"
EndProject
Project("{FAE04EC0-301F-11D3-BF4B-00C04F79EFBC}") = "Unity.Nuget.NewtonsoftJson.EditorTests", "Unity.Nuget.NewtonsoftJson.EditorTests.csproj", "{A9B50399-6AE8-ADF6-7411-9963734310E1}"
EndProject
Project("{FAE04EC0-301F-11D3-BF4B-00C04F79EFBC}") = "Unity.TextMeshPro.Editor.Tests", "Unity.TextMeshPro.Editor.Tests.csproj", "{8041C699-F3BF-1A2F-80AC-69D36F933C3B}"
EndProject
Global
	GlobalSection(SolutionConfigurationPlatforms) = preSolution
		Debug|Any CPU = Debug|Any CPU
		Release|Any CPU = Release|Any CPU
	EndGlobalSection
	GlobalSection(ProjectConfigurationPlatforms) = postSolution
		{E77210CB-E7CC-F2C8-B6F3-D8CC1DAEEA9F}.Debug|Any CPU.ActiveCfg = Debug|Any CPU
		{E77210CB-E7CC-F2C8-B6F3-D8CC1DAEEA9F}.Debug|Any CPU.Build.0 = Debug|Any CPU
		{E77210CB-E7CC-F2C8-B6F3-D8CC1DAEEA9F}.Release|Any CPU.ActiveCfg = Release|Any CPU
		{E77210CB-E7CC-F2C8-B6F3-D8CC1DAEEA9F}.Release|Any CPU.Build.0 = Release|Any CPU
		{9A76C5C3-9402-1BE6-4EEC-C95ED29AFD04}.Debug|Any CPU.ActiveCfg = Debug|Any CPU
		{9A76C5C3-9402-1BE6-4EEC-C95ED29AFD04}.Debug|Any CPU.Build.0 = Debug|Any CPU
		{9A76C5C3-9402-1BE6-4EEC-C95ED29AFD04}.Release|Any CPU.ActiveCfg = Release|Any CPU
		{9A76C5C3-9402-1BE6-4EEC-C95ED29AFD04}.Release|Any CPU.Build.0 = Release|Any CPU
		{4B87CDF0-592C-1E3F-5003-5A4A97F8975D}.Debug|Any CPU.ActiveCfg = Debug|Any CPU
		{4B87CDF0-592C-1E3F-5003-5A4A97F8975D}.Debug|Any CPU.Build.0 = Debug|Any CPU
		{4B87CDF0-592C-1E3F-5003-5A4A97F8975D}.Release|Any CPU.ActiveCfg = Release|Any CPU
		{4B87CDF0-592C-1E3F-5003-5A4A97F8975D}.Release|Any CPU.Build.0 = Release|Any CPU
		{042DBA49-1A18-746E-CC42-DF6FF434EAB5}.Debug|Any CPU.ActiveCfg = Debug|Any CPU
		{042DBA49-1A18-746E-CC42-DF6FF434EAB5}.Debug|Any CPU.Build.0 = Debug|Any CPU
		{042DBA49-1A18-746E-CC42-DF6FF434EAB5}.Release|Any CPU.ActiveCfg = Release|Any CPU
		{042DBA49-1A18-746E-CC42-DF6FF434EAB5}.Release|Any CPU.Build.0 = Release|Any CPU
		{EA3B0D40-F939-0EF3-33FE-C871367D8E16}.Debug|Any CPU.ActiveCfg = Debug|Any CPU
		{EA3B0D40-F939-0EF3-33FE-C871367D8E16}.Debug|Any CPU.Build.0 = Debug|Any CPU
		{EA3B0D40-F939-0EF3-33FE-C871367D8E16}.Release|Any CPU.ActiveCfg = Release|Any CPU
		{EA3B0D40-F939-0EF3-33FE-C871367D8E16}.Release|Any CPU.Build.0 = Release|Any CPU
		{C9916F7E-4CC1-35BC-D5A9-62BD67E00160}.Debug|Any CPU.ActiveCfg = Debug|Any CPU
		{C9916F7E-4CC1-35BC-D5A9-62BD67E00160}.Debug|Any CPU.Build.0 = Debug|Any CPU
		{C9916F7E-4CC1-35BC-D5A9-62BD67E00160}.Release|Any CPU.ActiveCfg = Release|Any CPU
		{C9916F7E-4CC1-35BC-D5A9-62BD67E00160}.Release|Any CPU.Build.0 = Release|Any CPU
		{A05037C5-E8E8-F9B3-A7B1-DE234A5019A2}.Debug|Any CPU.ActiveCfg = Debug|Any CPU
		{A05037C5-E8E8-F9B3-A7B1-DE234A5019A2}.Debug|Any CPU.Build.0 = Debug|Any CPU
		{A05037C5-E8E8-F9B3-A7B1-DE234A5019A2}.Release|Any CPU.ActiveCfg = Release|Any CPU
		{A05037C5-E8E8-F9B3-A7B1-DE234A5019A2}.Release|Any CPU.Build.0 = Release|Any CPU
		{3C5A51B1-EA67-F6D8-5A29-AA7E4FEFBF73}.Debug|Any CPU.ActiveCfg = Debug|Any CPU
		{3C5A51B1-EA67-F6D8-5A29-AA7E4FEFBF73}.Debug|Any CPU.Build.0 = Debug|Any CPU
		{3C5A51B1-EA67-F6D8-5A29-AA7E4FEFBF73}.Release|Any CPU.ActiveCfg = Release|Any CPU
		{3C5A51B1-EA67-F6D8-5A29-AA7E4FEFBF73}.Release|Any CPU.Build.0 = Release|Any CPU
		{B1B48E01-B823-D48A-22A6-31E976C475E4}.Debug|Any CPU.ActiveCfg = Debug|Any CPU
		{B1B48E01-B823-D48A-22A6-31E976C475E4}.Debug|Any CPU.Build.0 = Debug|Any CPU
		{B1B48E01-B823-D48A-22A6-31E976C475E4}.Release|Any CPU.ActiveCfg = Release|Any CPU
		{B1B48E01-B823-D48A-22A6-31E976C475E4}.Release|Any CPU.Build.0 = Release|Any CPU
		{E96D7B68-2928-CC0F-829A-85F1BF14B3EF}.Debug|Any CPU.ActiveCfg = Debug|Any CPU
		{E96D7B68-2928-CC0F-829A-85F1BF14B3EF}.Debug|Any CPU.Build.0 = Debug|Any CPU
		{E96D7B68-2928-CC0F-829A-85F1BF14B3EF}.Release|Any CPU.ActiveCfg = Release|Any CPU
		{E96D7B68-2928-CC0F-829A-85F1BF14B3EF}.Release|Any CPU.Build.0 = Release|Any CPU
		{624584EB-B991-7ECB-5195-29158692C4C9}.Debug|Any CPU.ActiveCfg = Debug|Any CPU
		{624584EB-B991-7ECB-5195-29158692C4C9}.Debug|Any CPU.Build.0 = Debug|Any CPU
		{624584EB-B991-7ECB-5195-29158692C4C9}.Release|Any CPU.ActiveCfg = Release|Any CPU
		{624584EB-B991-7ECB-5195-29158692C4C9}.Release|Any CPU.Build.0 = Release|Any CPU
		{25CCDECF-6C31-E4F3-300D-23977F5D0F30}.Debug|Any CPU.ActiveCfg = Debug|Any CPU
		{25CCDECF-6C31-E4F3-300D-23977F5D0F30}.Debug|Any CPU.Build.0 = Debug|Any CPU
		{25CCDECF-6C31-E4F3-300D-23977F5D0F30}.Release|Any CPU.ActiveCfg = Release|Any CPU
		{25CCDECF-6C31-E4F3-300D-23977F5D0F30}.Release|Any CPU.Build.0 = Release|Any CPU
		{10EF4742-ABB4-4C24-0781-F6C322256C50}.Debug|Any CPU.ActiveCfg = Debug|Any CPU
		{10EF4742-ABB4-4C24-0781-F6C322256C50}.Debug|Any CPU.Build.0 = Debug|Any CPU
		{10EF4742-ABB4-4C24-0781-F6C322256C50}.Release|Any CPU.ActiveCfg = Release|Any CPU
		{10EF4742-ABB4-4C24-0781-F6C322256C50}.Release|Any CPU.Build.0 = Release|Any CPU
		{BD96408D-DF7D-0A84-B3A5-92ED7E336EA0}.Debug|Any CPU.ActiveCfg = Debug|Any CPU
		{BD96408D-DF7D-0A84-B3A5-92ED7E336EA0}.Debug|Any CPU.Build.0 = Debug|Any CPU
		{BD96408D-DF7D-0A84-B3A5-92ED7E336EA0}.Release|Any CPU.ActiveCfg = Release|Any CPU
		{BD96408D-DF7D-0A84-B3A5-92ED7E336EA0}.Release|Any CPU.Build.0 = Release|Any CPU
		{0D67C56F-1495-9B48-F99A-75BDEE4BCDF0}.Debug|Any CPU.ActiveCfg = Debug|Any CPU
		{0D67C56F-1495-9B48-F99A-75BDEE4BCDF0}.Debug|Any CPU.Build.0 = Debug|Any CPU
		{0D67C56F-1495-9B48-F99A-75BDEE4BCDF0}.Release|Any CPU.ActiveCfg = Release|Any CPU
		{0D67C56F-1495-9B48-F99A-75BDEE4BCDF0}.Release|Any CPU.Build.0 = Release|Any CPU
		{2F8D5166-CE7B-2186-AC70-13F86839923D}.Debug|Any CPU.ActiveCfg = Debug|Any CPU
		{2F8D5166-CE7B-2186-AC70-13F86839923D}.Debug|Any CPU.Build.0 = Debug|Any CPU
		{2F8D5166-CE7B-2186-AC70-13F86839923D}.Release|Any CPU.ActiveCfg = Release|Any CPU
		{2F8D5166-CE7B-2186-AC70-13F86839923D}.Release|Any CPU.Build.0 = Release|Any CPU
		{F90392BF-770F-208A-CF96-E48E7984E22F}.Debug|Any CPU.ActiveCfg = Debug|Any CPU
		{F90392BF-770F-208A-CF96-E48E7984E22F}.Debug|Any CPU.Build.0 = Debug|Any CPU
		{F90392BF-770F-208A-CF96-E48E7984E22F}.Release|Any CPU.ActiveCfg = Release|Any CPU
		{F90392BF-770F-208A-CF96-E48E7984E22F}.Release|Any CPU.Build.0 = Release|Any CPU
		{9DCBBB6E-DA24-3CF6-D361-89BD76D90398}.Debug|Any CPU.ActiveCfg = Debug|Any CPU
		{9DCBBB6E-DA24-3CF6-D361-89BD76D90398}.Debug|Any CPU.Build.0 = Debug|Any CPU
		{9DCBBB6E-DA24-3CF6-D361-89BD76D90398}.Release|Any CPU.ActiveCfg = Release|Any CPU
		{9DCBBB6E-DA24-3CF6-D361-89BD76D90398}.Release|Any CPU.Build.0 = Release|Any CPU
		{9D15BAEF-6D30-7534-196D-86760CC4ED63}.Debug|Any CPU.ActiveCfg = Debug|Any CPU
		{9D15BAEF-6D30-7534-196D-86760CC4ED63}.Debug|Any CPU.Build.0 = Debug|Any CPU
		{9D15BAEF-6D30-7534-196D-86760CC4ED63}.Release|Any CPU.ActiveCfg = Release|Any CPU
		{9D15BAEF-6D30-7534-196D-86760CC4ED63}.Release|Any CPU.Build.0 = Release|Any CPU
		{8B0A5B5B-920D-98AE-EF0A-5F6E3A1D932C}.Debug|Any CPU.ActiveCfg = Debug|Any CPU
		{8B0A5B5B-920D-98AE-EF0A-5F6E3A1D932C}.Debug|Any CPU.Build.0 = Debug|Any CPU
		{8B0A5B5B-920D-98AE-EF0A-5F6E3A1D932C}.Release|Any CPU.ActiveCfg = Release|Any CPU
		{8B0A5B5B-920D-98AE-EF0A-5F6E3A1D932C}.Release|Any CPU.Build.0 = Release|Any CPU
		{7E3ECE3A-7A8F-6E95-B1F6-13EE220D2B9F}.Debug|Any CPU.ActiveCfg = Debug|Any CPU
		{7E3ECE3A-7A8F-6E95-B1F6-13EE220D2B9F}.Debug|Any CPU.Build.0 = Debug|Any CPU
		{7E3ECE3A-7A8F-6E95-B1F6-13EE220D2B9F}.Release|Any CPU.ActiveCfg = Release|Any CPU
		{7E3ECE3A-7A8F-6E95-B1F6-13EE220D2B9F}.Release|Any CPU.Build.0 = Release|Any CPU
		{A9B50399-6AE8-ADF6-7411-9963734310E1}.Debug|Any CPU.ActiveCfg = Debug|Any CPU
		{A9B50399-6AE8-ADF6-7411-9963734310E1}.Debug|Any CPU.Build.0 = Debug|Any CPU
		{A9B50399-6AE8-ADF6-7411-9963734310E1}.Release|Any CPU.ActiveCfg = Release|Any CPU
		{A9B50399-6AE8-ADF6-7411-9963734310E1}.Release|Any CPU.Build.0 = Release|Any CPU
		{8041C699-F3BF-1A2F-80AC-69D36F933C3B}.Debug|Any CPU.ActiveCfg = Debug|Any CPU
		{8041C699-F3BF-1A2F-80AC-69D36F933C3B}.Debug|Any CPU.Build.0 = Debug|Any CPU
		{8041C699-F3BF-1A2F-80AC-69D36F933C3B}.Release|Any CPU.ActiveCfg = Release|Any CPU
		{8041C699-F3BF-1A2F-80AC-69D36F933C3B}.Release|Any CPU.Build.0 = Release|Any CPU
	EndGlobalSection
	GlobalSection(SolutionProperties) = preSolution
		HideSolutionNode = FALSE
	EndGlobalSection
EndGlobal
